
Microsoft Visual Studio Solution File, Format Version 12.00
# Visual Studio Version 16
VisualStudioVersion = 16.0.30503.244
MinimumVisualStudioVersion = 10.0.40219.1
Project("{FAE04EC0-301F-11D3-BF4B-00C04F79EFBC}") = "DataStructures", "DataStructures.csproj", "{2CB63F9B-EE7E-4072-BABC-7289ECE237DE}"
EndProject
Project("{FAE04EC0-301F-11D3-BF4B-00C04F79EFBC}") = "UnitTest", "..\UnitTest\UnitTest.csproj", "{A265CAEE-8D91-4F4D-A5D7-215B5DAD3136}"
EndProject
Global
	GlobalSection(SolutionConfigurationPlatforms) = preSolution
		Debug|Any CPU = Debug|Any CPU
		Release|Any CPU = Release|Any CPU
	EndGlobalSection
	GlobalSection(ProjectConfigurationPlatforms) = postSolution
		{2CB63F9B-EE7E-4072-BABC-7289ECE237DE}.Debug|Any CPU.ActiveCfg = Debug|Any CPU
		{2CB63F9B-EE7E-4072-BABC-7289ECE237DE}.Debug|Any CPU.Build.0 = Debug|Any CPU
		{2CB63F9B-EE7E-4072-BABC-7289ECE237DE}.Release|Any CPU.ActiveCfg = Release|Any CPU
		{2CB63F9B-EE7E-4072-BABC-7289ECE237DE}.Release|Any CPU.Build.0 = Release|Any CPU
		{A265CAEE-8D91-4F4D-A5D7-215B5DAD3136}.Debug|Any CPU.ActiveCfg = Debug|Any CPU
		{A265CAEE-8D91-4F4D-A5D7-215B5DAD3136}.Debug|Any CPU.Build.0 = Debug|Any CPU
		{A265CAEE-8D91-4F4D-A5D7-215B5DAD3136}.Release|Any CPU.ActiveCfg = Release|Any CPU
		{A265CAEE-8D91-4F4D-A5D7-215B5DAD3136}.Release|Any CPU.Build.0 = Release|Any CPU
	EndGlobalSection
	GlobalSection(SolutionProperties) = preSolution
		HideSolutionNode = FALSE
	EndGlobalSection
	GlobalSection(ExtensibilityGlobals) = postSolution
		SolutionGuid = {AD6008E8-9034-4B8E-8CFB-3C1480677407}
	EndGlobalSection
EndGlobal
